
Microsoft Visual Studio Solution File, Format Version 12.00
# Visual Studio Version 16
VisualStudioVersion = 16.0.31424.327
MinimumVisualStudioVersion = 10.0.40219.1
Project("{FAE04EC0-301F-11D3-BF4B-00C04F79EFBC}") = "Caesar Cipher Encryption", "Caesar Cipher Encryption\Caesar Cipher Encryption.csproj", "{4445623D-68F0-423C-9259-7E018CACEAF4}"
EndProject
Global
	GlobalSection(SolutionConfigurationPlatforms) = preSolution
		Debug|Any CPU = Debug|Any CPU
		Release|Any CPU = Release|Any CPU
	EndGlobalSection
	GlobalSection(ProjectConfigurationPlatforms) = postSolution
		{4445623D-68F0-423C-9259-7E018CACEAF4}.Debug|Any CPU.ActiveCfg = Debug|Any CPU
		{4445623D-68F0-423C-9259-7E018CACEAF4}.Debug|Any CPU.Build.0 = Debug|Any CPU
		{4445623D-68F0-423C-9259-7E018CACEAF4}.Release|Any CPU.ActiveCfg = Release|Any CPU
		{4445623D-68F0-423C-9259-7E018CACEAF4}.Release|Any CPU.Build.0 = Release|Any CPU
	EndGlobalSection
	GlobalSection(SolutionProperties) = preSolution
		HideSolutionNode = FALSE
	EndGlobalSection
	GlobalSection(ExtensibilityGlobals) = postSolution
		SolutionGuid = {22422A78-F49C-44BB-BE89-0F435F5E7625}
	EndGlobalSection
EndGlobal
